{
    "_readme": [
        "This file locks the dependencies of your project to a known state",
        "Read more about it at https://getcomposer.org/doc/01-basic-usage.md#installing-dependencies",
        "This file is @generated automatically"
    ],
    "content-hash": "c51552fe983fd38665cca224a1b2bec8",
    "packages": [
        {
            "name": "ivopetkov/html5-dom-document-php",
            "version": "v0.5.10",
            "source": {
                "type": "git",
                "url": "https://github.com/ivopetkov/html5-dom-document-php.git",
                "reference": "205dfa1042cef9183754d59b837f9c6173345596"
            },
            "dist": {
                "type": "zip",
                "url": "https://api.github.com/repos/ivopetkov/html5-dom-document-php/zipball/205dfa1042cef9183754d59b837f9c6173345596",
                "reference": "205dfa1042cef9183754d59b837f9c6173345596",
                "shasum": ""
            },
            "require": {
                "ext-dom": "*",
                "php": ">=7.0.0"
            },
            "require-dev": {
                "phpunit/phpunit": "^4.8"
            },
            "type": "library",
            "autoload": {
                "psr-4": {
                    "IvoPetkov\\": "src/"
                }
            },
            "notification-url": "https://packagist.org/downloads/",
            "license": [
                "MIT"
            ],
            "authors": [
                {
                    "name": "Ivo Petkov",
                    "email": "ivo@ivopetkov.com",
                    "homepage": "http://ivopetkov.com"
                }
            ],
            "description": "HTML5 DOMDocument PHP library (extends DOMDocument)",
            "time": "2018-06-21T12:06:58+00:00"
        },
        {
            "name": "kozz/emoji-regex",
            "version": "1.0.2",
            "source": {
                "type": "git",
                "url": "https://github.com/urakozz/php-emoji-regex.git",
                "reference": "eaf7ab984379d948a7c875bd5d27e7e48d156ead"
            },
            "dist": {
                "type": "zip",
                "url": "https://api.github.com/repos/urakozz/php-emoji-regex/zipball/eaf7ab984379d948a7c875bd5d27e7e48d156ead",
                "reference": "eaf7ab984379d948a7c875bd5d27e7e48d156ead",
                "shasum": ""
            },
            "require": {
                "php": ">=5.4.0"
            },
            "require-dev": {
                "codeclimate/php-test-reporter": "dev-master",
                "phpunit/phpunit": "~4.2"
            },
            "suggest": {
                "php": ">=5.6.8"
            },
            "type": "library",
            "extra": {
                "branch-alias": {
                    "dev-master": "1.0.x-dev"
                }
            },
            "autoload": {
                "psr-4": {
                    "Kozz\\": "src/"
                }
            },
            "notification-url": "https://packagist.org/downloads/",
            "license": [
                "MIT"
            ],
            "authors": [
                {
                    "name": "Yury Kozyrev",
                    "email": "urakozz@gmail.com",
                    "homepage": "https://github.com/urakozz"
                }
            ],
            "description": "Emoji regex parser",
            "homepage": "https://github.com/urakozz/php-emoji-regex",
            "keywords": [
                "emoji",
                "regex",
                "regexp"
            ],
            "time": "2020-01-27T10:22:30+00:00"
        }
    ],
    "packages-dev": [],
    "aliases": [],
    "minimum-stability": "stable",
    "stability-flags": [],
    "prefer-stable": false,
    "prefer-lowest": false,
    "platform": [],
    "platform-dev": [],
    "plugin-api-version": "1.1.0"
}
